
Microsoft Visual Studio Solution File, Format Version 12.00
# Visual Studio 15
VisualStudioVersion = 15.0.28307.1145
MinimumVisualStudioVersion = 10.0.40219.1
Project("{FAE04EC0-301F-11D3-BF4B-00C04F79EFBC}") = "WebAppCoreWithApi", "WebAppCoreWithApi\WebAppCoreWithApi.csproj", "{0FDF1B1B-F3F9-4835-B32C-86980DE40298}"
EndProject
Project("{FAE04EC0-301F-11D3-BF4B-00C04F79EFBC}") = "WebApiCore", "WebApiCore\WebApiCore.csproj", "{1FDE6C56-AD7B-4202-B0E8-94828142483D}"
EndProject
Project("{E53339B2-1760-4266-BCC7-CA923CBCF16C}") = "docker-compose", "docker-compose.dcproj", "{0FEC6D7B-55B6-48F3-B0AB-8E92BE7BA16D}"
EndProject
Global
	GlobalSection(SolutionConfigurationPlatforms) = preSolution
		Debug|Any CPU = Debug|Any CPU
		Release|Any CPU = Release|Any CPU
	EndGlobalSection
	GlobalSection(ProjectConfigurationPlatforms) = postSolution
		{0FDF1B1B-F3F9-4835-B32C-86980DE40298}.Debug|Any CPU.ActiveCfg = Debug|Any CPU
		{0FDF1B1B-F3F9-4835-B32C-86980DE40298}.Debug|Any CPU.Build.0 = Debug|Any CPU
		{0FDF1B1B-F3F9-4835-B32C-86980DE40298}.Release|Any CPU.ActiveCfg = Release|Any CPU
		{0FDF1B1B-F3F9-4835-B32C-86980DE40298}.Release|Any CPU.Build.0 = Release|Any CPU
		{1FDE6C56-AD7B-4202-B0E8-94828142483D}.Debug|Any CPU.ActiveCfg = Debug|Any CPU
		{1FDE6C56-AD7B-4202-B0E8-94828142483D}.Debug|Any CPU.Build.0 = Debug|Any CPU
		{1FDE6C56-AD7B-4202-B0E8-94828142483D}.Release|Any CPU.ActiveCfg = Release|Any CPU
		{1FDE6C56-AD7B-4202-B0E8-94828142483D}.Release|Any CPU.Build.0 = Release|Any CPU
		{0FEC6D7B-55B6-48F3-B0AB-8E92BE7BA16D}.Debug|Any CPU.ActiveCfg = Debug|Any CPU
		{0FEC6D7B-55B6-48F3-B0AB-8E92BE7BA16D}.Debug|Any CPU.Build.0 = Debug|Any CPU
		{0FEC6D7B-55B6-48F3-B0AB-8E92BE7BA16D}.Release|Any CPU.ActiveCfg = Release|Any CPU
		{0FEC6D7B-55B6-48F3-B0AB-8E92BE7BA16D}.Release|Any CPU.Build.0 = Release|Any CPU
	EndGlobalSection
	GlobalSection(SolutionProperties) = preSolution
		HideSolutionNode = FALSE
	EndGlobalSection
	GlobalSection(ExtensibilityGlobals) = postSolution
		SolutionGuid = {1CD6E790-1D75-4125-89D8-C91ABA58AEFE}
	EndGlobalSection
EndGlobal
